
Microsoft Visual Studio Solution File, Format Version 12.00
# Visual Studio Version 17
VisualStudioVersion = 17.8.34330.188
MinimumVisualStudioVersion = 10.0.40219.1
Project("{9A19103F-16F7-4668-BE54-9A1E7A4F7556}") = "ExaminationSystem", "ExaminationSystem\ExaminationSystem.csproj", "{8B49914A-E2A7-4E59-9065-B536A57B98D9}"
EndProject
Project("{9A19103F-16F7-4668-BE54-9A1E7A4F7556}") = "Loggingx", "Loggingx\Loggingx.csproj", "{006A2FEC-BA2B-4F10-8F75-EBA3DF707091}"
EndProject
Global
	GlobalSection(SolutionConfigurationPlatforms) = preSolution
		Debug|Any CPU = Debug|Any CPU
		Release|Any CPU = Release|Any CPU
	EndGlobalSection
	GlobalSection(ProjectConfigurationPlatforms) = postSolution
		{8B49914A-E2A7-4E59-9065-B536A57B98D9}.Debug|Any CPU.ActiveCfg = Debug|Any CPU
		{8B49914A-E2A7-4E59-9065-B536A57B98D9}.Debug|Any CPU.Build.0 = Debug|Any CPU
		{8B49914A-E2A7-4E59-9065-B536A57B98D9}.Release|Any CPU.ActiveCfg = Release|Any CPU
		{8B49914A-E2A7-4E59-9065-B536A57B98D9}.Release|Any CPU.Build.0 = Release|Any CPU
		{006A2FEC-BA2B-4F10-8F75-EBA3DF707091}.Debug|Any CPU.ActiveCfg = Debug|Any CPU
		{006A2FEC-BA2B-4F10-8F75-EBA3DF707091}.Debug|Any CPU.Build.0 = Debug|Any CPU
		{006A2FEC-BA2B-4F10-8F75-EBA3DF707091}.Release|Any CPU.ActiveCfg = Release|Any CPU
		{006A2FEC-BA2B-4F10-8F75-EBA3DF707091}.Release|Any CPU.Build.0 = Release|Any CPU
	EndGlobalSection
	GlobalSection(SolutionProperties) = preSolution
		HideSolutionNode = FALSE
	EndGlobalSection
	GlobalSection(ExtensibilityGlobals) = postSolution
		SolutionGuid = {A3BD2423-47C5-4A89-AC2E-DCCABA1F1DE9}
	EndGlobalSection
EndGlobal
